
Microsoft Visual Studio Solution File, Format Version 12.00
# Visual Studio Version 17
VisualStudioVersion = 17.6.33815.320
MinimumVisualStudioVersion = 10.0.40219.1
Project("{9A19103F-16F7-4668-BE54-9A1E7A4F7556}") = "TextTokenizationEvaluator.Core", "TextTokenizationEvaluator.Core.csproj", "{FBA106FF-57C4-4ADE-8296-8AE2E7193BA5}"
EndProject
Project("{2150E333-8FDC-42A3-9474-1A3956D46DE8}") = "Tests", "Tests", "{D170A6C6-03F2-4EBE-B052-C3341D6591AC}"
EndProject
Project("{FAE04EC0-301F-11D3-BF4B-00C04F79EFBC}") = "TextTokenizationEvaluator.Tests", "..\TextTokenizationEvaluator.Tests\TextTokenizationEvaluator.Tests.csproj", "{5FF58207-4B03-45CF-9E88-929CC3625F3B}"
EndProject
Global
	GlobalSection(SolutionConfigurationPlatforms) = preSolution
		Debug|Any CPU = Debug|Any CPU
		Release|Any CPU = Release|Any CPU
	EndGlobalSection
	GlobalSection(ProjectConfigurationPlatforms) = postSolution
		{FBA106FF-57C4-4ADE-8296-8AE2E7193BA5}.Debug|Any CPU.ActiveCfg = Debug|Any CPU
		{FBA106FF-57C4-4ADE-8296-8AE2E7193BA5}.Debug|Any CPU.Build.0 = Debug|Any CPU
		{FBA106FF-57C4-4ADE-8296-8AE2E7193BA5}.Release|Any CPU.ActiveCfg = Release|Any CPU
		{FBA106FF-57C4-4ADE-8296-8AE2E7193BA5}.Release|Any CPU.Build.0 = Release|Any CPU
		{5FF58207-4B03-45CF-9E88-929CC3625F3B}.Debug|Any CPU.ActiveCfg = Debug|Any CPU
		{5FF58207-4B03-45CF-9E88-929CC3625F3B}.Debug|Any CPU.Build.0 = Debug|Any CPU
		{5FF58207-4B03-45CF-9E88-929CC3625F3B}.Release|Any CPU.ActiveCfg = Release|Any CPU
		{5FF58207-4B03-45CF-9E88-929CC3625F3B}.Release|Any CPU.Build.0 = Release|Any CPU
	EndGlobalSection
	GlobalSection(SolutionProperties) = preSolution
		HideSolutionNode = FALSE
	EndGlobalSection
	GlobalSection(NestedProjects) = preSolution
		{5FF58207-4B03-45CF-9E88-929CC3625F3B} = {D170A6C6-03F2-4EBE-B052-C3341D6591AC}
	EndGlobalSection
	GlobalSection(ExtensibilityGlobals) = postSolution
		SolutionGuid = {4EDFD6F5-5FF4-4C25-8151-88A9E0B80874}
	EndGlobalSection
EndGlobal
